
Microsoft Visual Studio Solution File, Format Version 12.00
# Visual Studio 15
VisualStudioVersion = 15.0.28307.757
MinimumVisualStudioVersion = 10.0.40219.1
Project("{FAE04EC0-301F-11D3-BF4B-00C04F79EFBC}") = "MidiCtrl", "MidiCtrl\MidiCtrl.csproj", "{CF39DA5D-1D98-45D3-A35F-657B76EB7682}"
EndProject
Global
	GlobalSection(SolutionConfigurationPlatforms) = preSolution
		Debug|Any CPU = Debug|Any CPU
		Release|Any CPU = Release|Any CPU
	EndGlobalSection
	GlobalSection(ProjectConfigurationPlatforms) = postSolution
		{CF39DA5D-1D98-45D3-A35F-657B76EB7682}.Debug|Any CPU.ActiveCfg = Debug|Any CPU
		{CF39DA5D-1D98-45D3-A35F-657B76EB7682}.Debug|Any CPU.Build.0 = Debug|Any CPU
		{CF39DA5D-1D98-45D3-A35F-657B76EB7682}.Release|Any CPU.ActiveCfg = Release|Any CPU
		{CF39DA5D-1D98-45D3-A35F-657B76EB7682}.Release|Any CPU.Build.0 = Release|Any CPU
	EndGlobalSection
	GlobalSection(SolutionProperties) = preSolution
		HideSolutionNode = FALSE
	EndGlobalSection
	GlobalSection(ExtensibilityGlobals) = postSolution
		SolutionGuid = {DDF92139-04CE-430C-9D67-EE0CABE1F0F5}
	EndGlobalSection
EndGlobal
